
Microsoft Visual Studio Solution File, Format Version 12.00
# Visual Studio Version 16
VisualStudioVersion = 16.0.30413.136
MinimumVisualStudioVersion = 10.0.40219.1
Project("{FAE04EC0-301F-11D3-BF4B-00C04F79EFBC}") = "2020.09.29 SZFGY", "2020.09.29 SZFGY\2020.09.29 SZFGY.csproj", "{D25CE9FF-6B00-46F7-A848-4732AD841777}"
EndProject
Global
	GlobalSection(SolutionConfigurationPlatforms) = preSolution
		Debug|Any CPU = Debug|Any CPU
		Release|Any CPU = Release|Any CPU
	EndGlobalSection
	GlobalSection(ProjectConfigurationPlatforms) = postSolution
		{D25CE9FF-6B00-46F7-A848-4732AD841777}.Debug|Any CPU.ActiveCfg = Debug|Any CPU
		{D25CE9FF-6B00-46F7-A848-4732AD841777}.Debug|Any CPU.Build.0 = Debug|Any CPU
		{D25CE9FF-6B00-46F7-A848-4732AD841777}.Release|Any CPU.ActiveCfg = Release|Any CPU
		{D25CE9FF-6B00-46F7-A848-4732AD841777}.Release|Any CPU.Build.0 = Release|Any CPU
	EndGlobalSection
	GlobalSection(SolutionProperties) = preSolution
		HideSolutionNode = FALSE
	EndGlobalSection
	GlobalSection(ExtensibilityGlobals) = postSolution
		SolutionGuid = {BCEB7215-2FD3-4552-83F0-058DFC55E6A0}
	EndGlobalSection
EndGlobal
